
Microsoft Visual Studio Solution File, Format Version 12.00
# Visual Studio Version 16
VisualStudioVersion = 16.0.29306.81
MinimumVisualStudioVersion = 10.0.40219.1
Project("{FAE04EC0-301F-11D3-BF4B-00C04F79EFBC}") = "RebateEvalApp", "RebateEvalApp\RebateEvalApp.csproj", "{B4E86CDB-6613-4268-AB82-124097375D82}"
EndProject
Global
	GlobalSection(SolutionConfigurationPlatforms) = preSolution
		Debug|Any CPU = Debug|Any CPU
		Release|Any CPU = Release|Any CPU
	EndGlobalSection
	GlobalSection(ProjectConfigurationPlatforms) = postSolution
		{B4E86CDB-6613-4268-AB82-124097375D82}.Debug|Any CPU.ActiveCfg = Debug|Any CPU
		{B4E86CDB-6613-4268-AB82-124097375D82}.Debug|Any CPU.Build.0 = Debug|Any CPU
		{B4E86CDB-6613-4268-AB82-124097375D82}.Release|Any CPU.ActiveCfg = Release|Any CPU
		{B4E86CDB-6613-4268-AB82-124097375D82}.Release|Any CPU.Build.0 = Release|Any CPU
	EndGlobalSection
	GlobalSection(SolutionProperties) = preSolution
		HideSolutionNode = FALSE
	EndGlobalSection
	GlobalSection(ExtensibilityGlobals) = postSolution
		SolutionGuid = {111A0E38-D1DC-49B0-8B57-7B062B570004}
	EndGlobalSection
EndGlobal
